
Microsoft Visual Studio Solution File, Format Version 12.00
# Visual Studio Version 17
VisualStudioVersion = 17.0.31903.59
MinimumVisualStudioVersion = 10.0.40219.1
Project("{FAE04EC0-301F-11D3-BF4B-00C04F79EFBC}") = "BlazorTodoNet6.Server", "BlazorTodoNet6\Server\BlazorTodoNet6.Server.csproj", "{E77AE552-E635-4815-8692-45D209183BF4}"
EndProject
Project("{FAE04EC0-301F-11D3-BF4B-00C04F79EFBC}") = "BlazorTodoNet6.Client", "BlazorTodoNet6\Client\BlazorTodoNet6.Client.csproj", "{8600F1A3-24CE-4044-A8E6-D8CE0B9E9F56}"
EndProject
Project("{FAE04EC0-301F-11D3-BF4B-00C04F79EFBC}") = "BlazorTodoNet6.Shared", "BlazorTodoNet6\Shared\BlazorTodoNet6.Shared.csproj", "{B867909D-0842-49E8-9115-6DCEB220FA15}"
EndProject
Global
	GlobalSection(SolutionConfigurationPlatforms) = preSolution
		Debug|Any CPU = Debug|Any CPU
		Release|Any CPU = Release|Any CPU
	EndGlobalSection
	GlobalSection(ProjectConfigurationPlatforms) = postSolution
		{E77AE552-E635-4815-8692-45D209183BF4}.Debug|Any CPU.ActiveCfg = Debug|Any CPU
		{E77AE552-E635-4815-8692-45D209183BF4}.Debug|Any CPU.Build.0 = Debug|Any CPU
		{E77AE552-E635-4815-8692-45D209183BF4}.Release|Any CPU.ActiveCfg = Release|Any CPU
		{E77AE552-E635-4815-8692-45D209183BF4}.Release|Any CPU.Build.0 = Release|Any CPU
		{8600F1A3-24CE-4044-A8E6-D8CE0B9E9F56}.Debug|Any CPU.ActiveCfg = Debug|Any CPU
		{8600F1A3-24CE-4044-A8E6-D8CE0B9E9F56}.Debug|Any CPU.Build.0 = Debug|Any CPU
		{8600F1A3-24CE-4044-A8E6-D8CE0B9E9F56}.Release|Any CPU.ActiveCfg = Release|Any CPU
		{8600F1A3-24CE-4044-A8E6-D8CE0B9E9F56}.Release|Any CPU.Build.0 = Release|Any CPU
		{B867909D-0842-49E8-9115-6DCEB220FA15}.Debug|Any CPU.ActiveCfg = Debug|Any CPU
		{B867909D-0842-49E8-9115-6DCEB220FA15}.Debug|Any CPU.Build.0 = Debug|Any CPU
		{B867909D-0842-49E8-9115-6DCEB220FA15}.Release|Any CPU.ActiveCfg = Release|Any CPU
		{B867909D-0842-49E8-9115-6DCEB220FA15}.Release|Any CPU.Build.0 = Release|Any CPU
	EndGlobalSection
	GlobalSection(SolutionProperties) = preSolution
		HideSolutionNode = FALSE
	EndGlobalSection
	GlobalSection(ExtensibilityGlobals) = postSolution
		SolutionGuid = {3B02688D-758D-43E2-989E-6BE70C4F9418}
	EndGlobalSection
EndGlobal
